// !$*UTF8*$!
{
	archiveVersion = 1;
	classes = {
	};
	objectVersion = 77;
	objects = {

/* Begin PBXContainerItemProxy section */
		3DEBB3262CECDC2800C53CDB /* PBXContainerItemProxy */ = {
			isa = PBXContainerItemProxy;
			containerPortal = 3DEBB30D2CECDC2600C53CDB /* Project object */;
			proxyType = 1;
			remoteGlobalIDString = 3DEBB3142CECDC2600C53CDB;
			remoteInfo = SideMenuTutorial;
		};
		3DEBB3302CECDC2800C53CDB /* PBXContainerItemProxy */ = {
			isa = PBXContainerItemProxy;
			containerPortal = 3DEBB30D2CECDC2600C53CDB /* Project object */;
			proxyType = 1;
			remoteGlobalIDString = 3DEBB3142CECDC2600C53CDB;
			remoteInfo = SideMenuTutorial;
		};
/* End PBXContainerItemProxy section */

/* Begin PBXFileReference section */
		3DEBB3152CECDC2600C53CDB /* SideMenuTutorial.app */ = {isa = PBXFileReference; explicitFileType = wrapper.application; includeInIndex = 0; path = SideMenuTutorial.app; sourceTree = BUILT_PRODUCTS_DIR; };
		3DEBB3252CECDC2800C53CDB /* SideMenuTutorialTests.xctest */ = {isa = PBXFileReference; explicitFileType = wrapper.cfbundle; includeInIndex = 0; path = SideMenuTutorialTests.xctest; sourceTree = BUILT_PRODUCTS_DIR; };
		3DEBB32F2CECDC2800C53CDB /* SideMenuTutorialUITests.xctest */ = {isa = PBXFileReference; explicitFileType = wrapper.cfbundle; includeInIndex = 0; path = SideMenuTutorialUITests.xctest; sourceTree = BUILT_PRODUCTS_DIR; };
/* End PBXFileReference section */

/* Begin PBXFileSystemSynchronizedRootGroup section */
		3DEBB3172CECDC2600C53CDB /* SideMenuTutorial */ = {
			isa = PBXFileSystemSynchronizedRootGroup;
			path = SideMenuTutorial;
			sourceTree = "<group>";
		};
		3DEBB3282CECDC2800C53CDB /* SideMenuTutorialTests */ = {
			isa = PBXFileSystemSynchronizedRootGroup;
			path = SideMenuTutorialTests;
			sourceTree = "<group>";
		};
		3DEBB3322CECDC2800C53CDB /* SideMenuTutorialUITests */ = {
			isa = PBXFileSystemSynchronizedRootGroup;
			path = SideMenuTutorialUITests;
			sourceTree = "<group>";
		};
/* End PBXFileSystemSynchronizedRootGroup section */

/* Begin PBXFrameworksBuildPhase section */
		3DEBB3122CECDC2600C53CDB /* Frameworks */ = {
			isa = PBXFrameworksBuildPhase;
			buildActionMask = 2147483647;
			files = (
			);
			runOnlyForDeploymentPostprocessing = 0;
		};
		3DEBB3222CECDC2800C53CDB /* Frameworks */ = {
			isa = PBXFrameworksBuildPhase;
			buildActionMask = 2147483647;
			files = (
			);
			runOnlyForDeploymentPostprocessing = 0;
		};
		3DEBB32C2CECDC2800C53CDB /* Frameworks */ = {
			isa = PBXFrameworksBuildPhase;
			buildActionMask = 2147483647;
			files = (
			);
			runOnlyForDeploymentPostprocessing = 0;
		};
/* End PBXFrameworksBuildPhase section */

/* Begin PBXGroup section */
		3DEBB30C2CECDC2600C53CDB = {
			isa = PBXGroup;
			children = (
				3DEBB3172CECDC2600C53CDB /* SideMenuTutorial */,
				3DEBB3282CECDC2800C53CDB /* SideMenuTutorialTests */,
				3DEBB3322CECDC2800C53CDB /* SideMenuTutorialUITests */,
				3DEBB3162CECDC2600C53CDB /* Products */,
			);
			sourceTree = "<group>";
		};
		3DEBB3162CECDC2600C53CDB /* Products */ = {
			isa = PBXGroup;
			children = (
				3DEBB3152CECDC2600C53CDB /* SideMenuTutorial.app */,
				3DEBB3252CECDC2800C53CDB /* SideMenuTutorialTests.xctest */,
				3DEBB32F2CECDC2800C53CDB /* SideMenuTutorialUITests.xctest */,
			);
			name = Products;
			sourceTree = "<group>";
		};
/* End PBXGroup section */

/* Begin PBXNativeTarget section */
		3DEBB3142CECDC2600C53CDB /* SideMenuTutorial */ = {
			isa = PBXNativeTarget;
			buildConfigurationList = 3DEBB3392CECDC2800C53CDB /* Build configuration list for PBXNativeTarget "SideMenuTutorial" */;
			buildPhases = (
				3DEBB3112CECDC2600C53CDB /* Sources */,
				3DEBB3122CECDC2600C53CDB /* Frameworks */,
				3DEBB3132CECDC2600C53CDB /* Resources */,
			);
			buildRules = (
			);
			dependencies = (
			);
			fileSystemSynchronizedGroups = (
				3DEBB3172CECDC2600C53CDB /* SideMenuTutorial */,
			);
			name = SideMenuTutorial;
			packageProductDependencies = (
			);
			productName = SideMenuTutorial;
			productReference = 3DEBB3152CECDC2600C53CDB /* SideMenuTutorial.app */;
			productType = "com.apple.product-type.application";
		};
		3DEBB3242CECDC2800C53CDB /* SideMenuTutorialTests */ = {
			isa = PBXNativeTarget;
			buildConfigurationList = 3DEBB33C2CECDC2800C53CDB /* Build configuration list for PBXNativeTarget "SideMenuTutorialTests" */;
			buildPhases = (
				3DEBB3212CECDC2800C53CDB /* Sources */,
				3DEBB3222CECDC2800C53CDB /* Frameworks */,
				3DEBB3232CECDC2800C53CDB /* Resources */,
			);
			buildRules = (
			);
			dependencies = (
				3DEBB3272CECDC2800C53CDB /* PBXTargetDependency */,
			);
			fileSystemSynchronizedGroups = (
				3DEBB3282CECDC2800C53CDB /* SideMenuTutorialTests */,
			);
			name = SideMenuTutorialTests;
			packageProductDependencies = (
			);
			productName = SideMenuTutorialTests;
			productReference = 3DEBB3252CECDC2800C53CDB /* SideMenuTutorialTests.xctest */;
			productType = "com.apple.product-type.bundle.unit-test";
		};
		3DEBB32E2CECDC2800C53CDB /* SideMenuTutorialUITests */ = {
			isa = PBXNativeTarget;
			buildConfigurationList = 3DEBB33F2CECDC2800C53CDB /* Build configuration list for PBXNativeTarget "SideMenuTutorialUITests" */;
			buildPhases = (
				3DEBB32B2CECDC2800C53CDB /* Sources */,
				3DEBB32C2CECDC2800C53CDB /* Frameworks */,
				3DEBB32D2CECDC2800C53CDB /* Resources */,
			);
			buildRules = (
			);
			dependencies = (
				3DEBB3312CECDC2800C53CDB /* PBXTargetDependency */,
			);
			fileSystemSynchronizedGroups = (
				3DEBB3322CECDC2800C53CDB /* SideMenuTutorialUITests */,
			);
			name = SideMenuTutorialUITests;
			packageProductDependencies = (
			);
			productName = SideMenuTutorialUITests;
			productReference = 3DEBB32F2CECDC2800C53CDB /* SideMenuTutorialUITests.xctest */;
			productType = "com.apple.product-type.bundle.ui-testing";
		};
/* End PBXNativeTarget section */

/* Begin PBXProject section */
		3DEBB30D2CECDC2600C53CDB /* Project object */ = {
			isa = PBXProject;
			attributes = {
				BuildIndependentTargetsInParallel = 1;
				LastSwiftUpdateCheck = 1600;
				LastUpgradeCheck = 1600;
				TargetAttributes = {
					3DEBB3142CECDC2600C53CDB = {
						CreatedOnToolsVersion = 16.0;
					};
					3DEBB3242CECDC2800C53CDB = {
						CreatedOnToolsVersion = 16.0;
						TestTargetID = 3DEBB3142CECDC2600C53CDB;
					};
					3DEBB32E2CECDC2800C53CDB = {
						CreatedOnToolsVersion = 16.0;
						TestTargetID = 3DEBB3142CECDC2600C53CDB;
					};
				};
			};
			buildConfigurationList = 3DEBB3102CECDC2600C53CDB /* Build configuration list for PBXProject "SideMenuTutorial" */;
			developmentRegion = en;
			hasScannedForEncodings = 0;
			knownRegions = (
				en,
				Base,
			);
			mainGroup = 3DEBB30C2CECDC2600C53CDB;
			minimizedProjectReferenceProxies = 1;
			preferredProjectObjectVersion = 77;
			productRefGroup = 3DEBB3162CECDC2600C53CDB /* Products */;
			projectDirPath = "";
			projectRoot = "";
			targets = (
				3DEBB3142CECDC2600C53CDB /* SideMenuTutorial */,
				3DEBB3242CECDC2800C53CDB /* SideMenuTutorialTests */,
				3DEBB32E2CECDC2800C53CDB /* SideMenuTutorialUITests */,
			);
		};
/* End PBXProject section */

/* Begin PBXResourcesBuildPhase section */
		3DEBB3132CECDC2600C53CDB /* Resources */ = {
			isa = PBXResourcesBuildPhase;
			buildActionMask = 2147483647;
			files = (
			);
			runOnlyForDeploymentPostprocessing = 0;
		};
		3DEBB3232CECDC2800C53CDB /* Resources */ = {
			isa = PBXResourcesBuildPhase;
			buildActionMask = 2147483647;
			files = (
			);
			runOnlyForDeploymentPostprocessing = 0;
		};
		3DEBB32D2CECDC2800C53CDB /* Resources */ = {
			isa = PBXResourcesBuildPhase;
			buildActionMask = 2147483647;
			files = (
			);
			runOnlyForDeploymentPostprocessing = 0;
		};
/* End PBXResourcesBuildPhase section */

/* Begin PBXSourcesBuildPhase section */
		3DEBB3112CECDC2600C53CDB /* Sources */ = {
			isa = PBXSourcesBuildPhase;
			buildActionMask = 2147483647;
			files = (
			);
			runOnlyForDeploymentPostprocessing = 0;
		};
		3DEBB3212CECDC2800C53CDB /* Sources */ = {
			isa = PBXSourcesBuildPhase;
			buildActionMask = 2147483647;
			files = (
			);
			runOnlyForDeploymentPostprocessing = 0;
		};
		3DEBB32B2CECDC2800C53CDB /* Sources */ = {
			isa = PBXSourcesBuildPhase;
			buildActionMask = 2147483647;
			files = (
			);
			runOnlyForDeploymentPostprocessing = 0;
		};
/* End PBXSourcesBuildPhase section */

/* Begin PBXTargetDependency section */
		3DEBB3272CECDC2800C53CDB /* PBXTargetDependency */ = {
			isa = PBXTargetDependency;
			target = 3DEBB3142CECDC2600C53CDB /* SideMenuTutorial */;
			targetProxy = 3DEBB3262CECDC2800C53CDB /* PBXContainerItemProxy */;
		};
		3DEBB3312CECDC2800C53CDB /* PBXTargetDependency */ = {
			isa = PBXTargetDependency;
			target = 3DEBB3142CECDC2600C53CDB /* SideMenuTutorial */;
			targetProxy = 3DEBB3302CECDC2800C53CDB /* PBXContainerItemProxy */;
		};
/* End PBXTargetDependency section */

/* Begin XCBuildConfiguration section */
		3DEBB3372CECDC2800C53CDB /* Debug */ = {
			isa = XCBuildConfiguration;
			buildSettings = {
				ALWAYS_SEARCH_USER_PATHS = NO;
				ASSETCATALOG_COMPILER_GENERATE_SWIFT_ASSET_SYMBOL_EXTENSIONS = YES;
				CLANG_ANALYZER_NONNULL = YES;
				CLANG_ANALYZER_NUMBER_OBJECT_CONVERSION = YES_AGGRESSIVE;
				CLANG_CXX_LANGUAGE_STANDARD = "gnu++20";
				CLANG_ENABLE_MODULES = YES;
				CLANG_ENABLE_OBJC_ARC = YES;
				CLANG_ENABLE_OBJC_WEAK = YES;
				CLANG_WARN_BLOCK_CAPTURE_AUTORELEASING = YES;
				CLANG_WARN_BOOL_CONVERSION = YES;
				CLANG_WARN_COMMA = YES;
				CLANG_WARN_CONSTANT_CONVERSION = YES;
				CLANG_WARN_DEPRECATED_OBJC_IMPLEMENTATIONS = YES;
				CLANG_WARN_DIRECT_OBJC_ISA_USAGE = YES_ERROR;
				CLANG_WARN_DOCUMENTATION_COMMENTS = YES;
				CLANG_WARN_EMPTY_BODY = YES;
				CLANG_WARN_ENUM_CONVERSION = YES;
				CLANG_WARN_INFINITE_RECURSION = YES;
				CLANG_WARN_INT_CONVERSION = YES;
				CLANG_WARN_NON_LITERAL_NULL_CONVERSION = YES;
				CLANG_WARN_OBJC_IMPLICIT_RETAIN_SELF = YES;
				CLANG_WARN_OBJC_LITERAL_CONVERSION = YES;
				CLANG_WARN_OBJC_ROOT_CLASS = YES_ERROR;
				CLANG_WARN_QUOTED_INCLUDE_IN_FRAMEWORK_HEADER = YES;
				CLANG_WARN_RANGE_LOOP_ANALYSIS = YES;
				CLANG_WARN_STRICT_PROTOTYPES = YES;
				CLANG_WARN_SUSPICIOUS_MOVE = YES;
				CLANG_WARN_UNGUARDED_AVAILABILITY = YES_AGGRESSIVE;
				CLANG_WARN_UNREACHABLE_CODE = YES;
				CLANG_WARN__DUPLICATE_METHOD_MATCH = YES;
				COPY_PHASE_STRIP = NO;
				DEBUG_INFORMATION_FORMAT = dwarf;
				ENABLE_STRICT_OBJC_MSGSEND = YES;
				ENABLE_TESTABILITY = YES;
				ENABLE_USER_SCRIPT_SANDBOXING = YES;
				GCC_C_LANGUAGE_STANDARD = gnu17;
				GCC_DYNAMIC_NO_PIC = NO;
				GCC_NO_COMMON_BLOCKS = YES;
				GCC_OPTIMIZATION_LEVEL = 0;
				GCC_PREPROCESSOR_DEFINITIONS = (
					"DEBUG=1",
					"$(inherited)",
				);
				GCC_WARN_64_TO_32_BIT_CONVERSION = YES;
				GCC_WARN_ABOUT_RETURN_TYPE = YES_ERROR;
				GCC_WARN_UNDECLARED_SELECTOR = YES;
				GCC_WARN_UNINITIALIZED_AUTOS = YES_AGGRESSIVE;
				GCC_WARN_UNUSED_FUNCTION = YES;
				GCC_WARN_UNUSED_VARIABLE = YES;
				IPHONEOS_DEPLOYMENT_TARGET = 18.0;
				LOCALIZATION_PREFERS_STRING_CATALOGS = YES;
				MTL_ENABLE_DEBUG_INFO = INCLUDE_SOURCE;
				MTL_FAST_MATH = YES;
				ONLY_ACTIVE_ARCH = YES;
				SDKROOT = iphoneos;
				SWIFT_ACTIVE_COMPILATION_CONDITIONS = "DEBUG $(inherited)";
				SWIFT_OPTIMIZATION_LEVEL = "-Onone";
			};
			name = Debug;
		};
		3DEBB3382CECDC2800C53CDB /* Release */ = {
			isa = XCBuildConfiguration;
			buildSettings = {
				ALWAYS_SEARCH_USER_PATHS = NO;
				ASSETCATALOG_COMPILER_GENERATE_SWIFT_ASSET_SYMBOL_EXTENSIONS = YES;
				CLANG_ANALYZER_NONNULL = YES;
				CLANG_ANALYZER_NUMBER_OBJECT_CONVERSION = YES_AGGRESSIVE;
				CLANG_CXX_LANGUAGE_STANDARD = "gnu++20";
				CLANG_ENABLE_MODULES = YES;
				CLANG_ENABLE_OBJC_ARC = YES;
				CLANG_ENABLE_OBJC_WEAK = YES;
				CLANG_WARN_BLOCK_CAPTURE_AUTORELEASING = YES;
				CLANG_WARN_BOOL_CONVERSION = YES;
				CLANG_WARN_COMMA = YES;
				CLANG_WARN_CONSTANT_CONVERSION = YES;
				CLANG_WARN_DEPRECATED_OBJC_IMPLEMENTATIONS = YES;
				CLANG_WARN_DIRECT_OBJC_ISA_USAGE = YES_ERROR;
				CLANG_WARN_DOCUMENTATION_COMMENTS = YES;
				CLANG_WARN_EMPTY_BODY = YES;
				CLANG_WARN_ENUM_CONVERSION = YES;
				CLANG_WARN_INFINITE_RECURSION = YES;
				CLANG_WARN_INT_CONVERSION = YES;
				CLANG_WARN_NON_LITERAL_NULL_CONVERSION = YES;
				CLANG_WARN_OBJC_IMPLICIT_RETAIN_SELF = YES;
				CLANG_WARN_OBJC_LITERAL_CONVERSION = YES;
				CLANG_WARN_OBJC_ROOT_CLASS = YES_ERROR;
				CLANG_WARN_QUOTED_INCLUDE_IN_FRAMEWORK_HEADER = YES;
				CLANG_WARN_RANGE_LOOP_ANALYSIS = YES;
				CLANG_WARN_STRICT_PROTOTYPES = YES;
				CLANG_WARN_SUSPICIOUS_MOVE = YES;
				CLANG_WARN_UNGUARDED_AVAILABILITY = YES_AGGRESSIVE;
				CLANG_WARN_UNREACHABLE_CODE = YES;
				CLANG_WARN__DUPLICATE_METHOD_MATCH = YES;
				COPY_PHASE_STRIP = NO;
				DEBUG_INFORMATION_FORMAT = "dwarf-with-dsym";
				ENABLE_NS_ASSERTIONS = NO;
				ENABLE_STRICT_OBJC_MSGSEND = YES;
				ENABLE_USER_SCRIPT_SANDBOXING = YES;
				GCC_C_LANGUAGE_STANDARD = gnu17;
				GCC_NO_COMMON_BLOCKS = YES;
				GCC_WARN_64_TO_32_BIT_CONVERSION = YES;
				GCC_WARN_ABOUT_RETURN_TYPE = YES_ERROR;
				GCC_WARN_UNDECLARED_SELECTOR = YES;
				GCC_WARN_UNINITIALIZED_AUTOS = YES_AGGRESSIVE;
				GCC_WARN_UNUSED_FUNCTION = YES;
				GCC_WARN_UNUSED_VARIABLE = YES;
				IPHONEOS_DEPLOYMENT_TARGET = 18.0;
				LOCALIZATION_PREFERS_STRING_CATALOGS = YES;
				MTL_ENABLE_DEBUG_INFO = NO;
				MTL_FAST_MATH = YES;
				SDKROOT = iphoneos;
				SWIFT_COMPILATION_MODE = wholemodule;
				VALIDATE_PRODUCT = YES;
			};
			name = Release;
		};
		3DEBB33A2CECDC2800C53CDB /* Debug */ = {
			isa = XCBuildConfiguration;
			buildSettings = {
				ASSETCATALOG_COMPILER_APPICON_NAME = AppIcon;
				ASSETCATALOG_COMPILER_GLOBAL_ACCENT_COLOR_NAME = AccentColor;
				CODE_SIGN_STYLE = Automatic;
				CURRENT_PROJECT_VERSION = 1;
				DEVELOPMENT_ASSET_PATHS = "\"SideMenuTutorial/Preview Content\"";
				ENABLE_PREVIEWS = YES;
				GENERATE_INFOPLIST_FILE = YES;
				INFOPLIST_KEY_UIApplicationSceneManifest_Generation = YES;
				INFOPLIST_KEY_UIApplicationSupportsIndirectInputEvents = YES;
				INFOPLIST_KEY_UILaunchScreen_Generation = YES;
				INFOPLIST_KEY_UISupportedInterfaceOrientations_iPad = "UIInterfaceOrientationPortrait UIInterfaceOrientationPortraitUpsideDown UIInterfaceOrientationLandscapeLeft UIInterfaceOrientationLandscapeRight";
				INFOPLIST_KEY_UISupportedInterfaceOrientations_iPhone = "UIInterfaceOrientationPortrait UIInterfaceOrientationLandscapeLeft UIInterfaceOrientationLandscapeRight";
				LD_RUNPATH_SEARCH_PATHS = (
					"$(inherited)",
					"@executable_path/Frameworks",
				);
				MARKETING_VERSION = 1.0;
				PRODUCT_BUNDLE_IDENTIFIER = com.teampaw.SideMenuTutorial;
				PRODUCT_NAME = "$(TARGET_NAME)";
				SWIFT_EMIT_LOC_STRINGS = YES;
				SWIFT_VERSION = 5.0;
				TARGETED_DEVICE_FAMILY = "1,2";
			};
			name = Debug;
		};
		3DEBB33B2CECDC2800C53CDB /* Release */ = {
			isa = XCBuildConfiguration;
			buildSettings = {
				ASSETCATALOG_COMPILER_APPICON_NAME = AppIcon;
				ASSETCATALOG_COMPILER_GLOBAL_ACCENT_COLOR_NAME = AccentColor;
				CODE_SIGN_STYLE = Automatic;
				CURRENT_PROJECT_VERSION = 1;
				DEVELOPMENT_ASSET_PATHS = "\"SideMenuTutorial/Preview Content\"";
				ENABLE_PREVIEWS = YES;
				GENERATE_INFOPLIST_FILE = YES;
				INFOPLIST_KEY_UIApplicationSceneManifest_Generation = YES;
				INFOPLIST_KEY_UIApplicationSupportsIndirectInputEvents = YES;
				INFOPLIST_KEY_UILaunchScreen_Generation = YES;
				INFOPLIST_KEY_UISupportedInterfaceOrientations_iPad = "UIInterfaceOrientationPortrait UIInterfaceOrientationPortraitUpsideDown UIInterfaceOrientationLandscapeLeft UIInterfaceOrientationLandscapeRight";
				INFOPLIST_KEY_UISupportedInterfaceOrientations_iPhone = "UIInterfaceOrientationPortrait UIInterfaceOrientationLandscapeLeft UIInterfaceOrientationLandscapeRight";
				LD_RUNPATH_SEARCH_PATHS = (
					"$(inherited)",
					"@executable_path/Frameworks",
				);
				MARKETING_VERSION = 1.0;
				PRODUCT_BUNDLE_IDENTIFIER = com.teampaw.SideMenuTutorial;
				PRODUCT_NAME = "$(TARGET_NAME)";
				SWIFT_EMIT_LOC_STRINGS = YES;
				SWIFT_VERSION = 5.0;
				TARGETED_DEVICE_FAMILY = "1,2";
			};
			name = Release;
		};
		3DEBB33D2CECDC2800C53CDB /* Debug */ = {
			isa = XCBuildConfiguration;
			buildSettings = {
				BUNDLE_LOADER = "$(TEST_HOST)";
				CODE_SIGN_STYLE = Automatic;
				CURRENT_PROJECT_VERSION = 1;
				GENERATE_INFOPLIST_FILE = YES;
				IPHONEOS_DEPLOYMENT_TARGET = 18.0;
				MARKETING_VERSION = 1.0;
				PRODUCT_BUNDLE_IDENTIFIER = com.teampaw.SideMenuTutorialTests;
				PRODUCT_NAME = "$(TARGET_NAME)";
				SWIFT_EMIT_LOC_STRINGS = NO;
				SWIFT_VERSION = 5.0;
				TARGETED_DEVICE_FAMILY = "1,2";
				TEST_HOST = "$(BUILT_PRODUCTS_DIR)/SideMenuTutorial.app/$(BUNDLE_EXECUTABLE_FOLDER_PATH)/SideMenuTutorial";
			};
			name = Debug;
		};
		3DEBB33E2CECDC2800C53CDB /* Release */ = {
			isa = XCBuildConfiguration;
			buildSettings = {
				BUNDLE_LOADER = "$(TEST_HOST)";
				CODE_SIGN_STYLE = Automatic;
				CURRENT_PROJECT_VERSION = 1;
				GENERATE_INFOPLIST_FILE = YES;
				IPHONEOS_DEPLOYMENT_TARGET = 18.0;
				MARKETING_VERSION = 1.0;
				PRODUCT_BUNDLE_IDENTIFIER = com.teampaw.SideMenuTutorialTests;
				PRODUCT_NAME = "$(TARGET_NAME)";
				SWIFT_EMIT_LOC_STRINGS = NO;
				SWIFT_VERSION = 5.0;
				TARGETED_DEVICE_FAMILY = "1,2";
				TEST_HOST = "$(BUILT_PRODUCTS_DIR)/SideMenuTutorial.app/$(BUNDLE_EXECUTABLE_FOLDER_PATH)/SideMenuTutorial";
			};
			name = Release;
		};
		3DEBB3402CECDC2800C53CDB /* Debug */ = {
			isa = XCBuildConfiguration;
			buildSettings = {
				CODE_SIGN_STYLE = Automatic;
				CURRENT_PROJECT_VERSION = 1;
				GENERATE_INFOPLIST_FILE = YES;
				MARKETING_VERSION = 1.0;
				PRODUCT_BUNDLE_IDENTIFIER = com.teampaw.SideMenuTutorialUITests;
				PRODUCT_NAME = "$(TARGET_NAME)";
				SWIFT_EMIT_LOC_STRINGS = NO;
				SWIFT_VERSION = 5.0;
				TARGETED_DEVICE_FAMILY = "1,2";
				TEST_TARGET_NAME = SideMenuTutorial;
			};
			name = Debug;
		};
		3DEBB3412CECDC2800C53CDB /* Release */ = {
			isa = XCBuildConfiguration;
			buildSettings = {
				CODE_SIGN_STYLE = Automatic;
				CURRENT_PROJECT_VERSION = 1;
				GENERATE_INFOPLIST_FILE = YES;
				MARKETING_VERSION = 1.0;
				PRODUCT_BUNDLE_IDENTIFIER = com.teampaw.SideMenuTutorialUITests;
				PRODUCT_NAME = "$(TARGET_NAME)";
				SWIFT_EMIT_LOC_STRINGS = NO;
				SWIFT_VERSION = 5.0;
				TARGETED_DEVICE_FAMILY = "1,2";
				TEST_TARGET_NAME = SideMenuTutorial;
			};
			name = Release;
		};
/* End XCBuildConfiguration section */

/* Begin XCConfigurationList section */
		3DEBB3102CECDC2600C53CDB /* Build configuration list for PBXProject "SideMenuTutorial" */ = {
			isa = XCConfigurationList;
			buildConfigurations = (
				3DEBB3372CECDC2800C53CDB /* Debug */,
				3DEBB3382CECDC2800C53CDB /* Release */,
			);
			defaultConfigurationIsVisible = 0;
			defaultConfigurationName = Release;
		};
		3DEBB3392CECDC2800C53CDB /* Build configuration list for PBXNativeTarget "SideMenuTutorial" */ = {
			isa = XCConfigurationList;
			buildConfigurations = (
				3DEBB33A2CECDC2800C53CDB /* Debug */,
				3DEBB33B2CECDC2800C53CDB /* Release */,
			);
			defaultConfigurationIsVisible = 0;
			defaultConfigurationName = Release;
		};
		3DEBB33C2CECDC2800C53CDB /* Build configuration list for PBXNativeTarget "SideMenuTutorialTests" */ = {
			isa = XCConfigurationList;
			buildConfigurations = (
				3DEBB33D2CECDC2800C53CDB /* Debug */,
				3DEBB33E2CECDC2800C53CDB /* Release */,
			);
			defaultConfigurationIsVisible = 0;
			defaultConfigurationName = Release;
		};
		3DEBB33F2CECDC2800C53CDB /* Build configuration list for PBXNativeTarget "SideMenuTutorialUITests" */ = {
			isa = XCConfigurationList;
			buildConfigurations = (
				3DEBB3402CECDC2800C53CDB /* Debug */,
				3DEBB3412CECDC2800C53CDB /* Release */,
			);
			defaultConfigurationIsVisible = 0;
			defaultConfigurationName = Release;
		};
/* End XCConfigurationList section */
	};
	rootObject = 3DEBB30D2CECDC2600C53CDB /* Project object */;
}
